// !$*UTF8*$!
{
	archiveVersion = 1;
	classes = {
	};
	objectVersion = 56;
	objects = {

/* Begin PBXBuildFile section */
		66789CB429F91BC700E935A8 /* Lerp.swift in Sources */ = {isa = PBXBuildFile; fileRef = 66789CB329F91BC700E935A8 /* Lerp.swift */; };
		66789CB629F91BEE00E935A8 /* DateExtension.swift in Sources */ = {isa = PBXBuildFile; fileRef = 66789CB529F91BEE00E935A8 /* DateExtension.swift */; };
		66789CB829F91BF200E935A8 /* Timeout.swift in Sources */ = {isa = PBXBuildFile; fileRef = 66789CB729F91BF200E935A8 /* Timeout.swift */; };
		66789CBB29F91C4A00E935A8 /* SiriWaveLine.swift in Sources */ = {isa = PBXBuildFile; fileRef = 66789CBA29F91C4A00E935A8 /* SiriWaveLine.swift */; };
		66789CBD29F91C4E00E935A8 /* SiriWaveView.swift in Sources */ = {isa = PBXBuildFile; fileRef = 66789CBC29F91C4E00E935A8 /* SiriWaveView.swift */; };
		667A2FBE29EE4AC7006E9898 /* UserDefault.swift in Sources */ = {isa = PBXBuildFile; fileRef = 667A2FBD29EE4AC7006E9898 /* UserDefault.swift */; };
		668847B129EFCB5E0092545F /* SMAudioCountModel.swift in Sources */ = {isa = PBXBuildFile; fileRef = 668847B029EFCB5E0092545F /* SMAudioCountModel.swift */; };
		668847B329F1158C0092545F /* BaseHelper.swift in Sources */ = {isa = PBXBuildFile; fileRef = 668847B229F1158C0092545F /* BaseHelper.swift */; };
		66ACD49829EE669800A25D8A /* SentanceListApi.swift in Sources */ = {isa = PBXBuildFile; fileRef = 66ACD49729EE669800A25D8A /* SentanceListApi.swift */; };
		66ACD49A29EE7AAA00A25D8A /* SMLogoutModel.swift in Sources */ = {isa = PBXBuildFile; fileRef = 66ACD49929EE7AAA00A25D8A /* SMLogoutModel.swift */; };
		66ACD49C29EE91D100A25D8A /* SMSetanceListModel.swift in Sources */ = {isa = PBXBuildFile; fileRef = 66ACD49B29EE91D100A25D8A /* SMSetanceListModel.swift */; };
		66ACD49E29EEB66B00A25D8A /* LogoutApi.swift in Sources */ = {isa = PBXBuildFile; fileRef = 66ACD49D29EEB66B00A25D8A /* LogoutApi.swift */; };
		66ACD4A029EEB83C00A25D8A /* UserAudioCount.swift in Sources */ = {isa = PBXBuildFile; fileRef = 66ACD49F29EEB83C00A25D8A /* UserAudioCount.swift */; };
		66B8FD8829E55B600091B59B /* AppDelegate.swift in Sources */ = {isa = PBXBuildFile; fileRef = 66B8FD8729E55B600091B59B /* AppDelegate.swift */; };
		66B8FD8A29E55B600091B59B /* SceneDelegate.swift in Sources */ = {isa = PBXBuildFile; fileRef = 66B8FD8929E55B600091B59B /* SceneDelegate.swift */; };
		66B8FD8C29E55B600091B59B /* LogInVC.swift in Sources */ = {isa = PBXBuildFile; fileRef = 66B8FD8B29E55B600091B59B /* LogInVC.swift */; };
		66B8FD8F29E55B600091B59B /* Main.storyboard in Resources */ = {isa = PBXBuildFile; fileRef = 66B8FD8D29E55B600091B59B /* Main.storyboard */; };
		66B8FD9129E55B600091B59B /* Assets.xcassets in Resources */ = {isa = PBXBuildFile; fileRef = 66B8FD9029E55B600091B59B /* Assets.xcassets */; };
		66B8FD9429E55B600091B59B /* LaunchScreen.storyboard in Resources */ = {isa = PBXBuildFile; fileRef = 66B8FD9229E55B600091B59B /* LaunchScreen.storyboard */; };
		66B8FD9F29E55B600091B59B /* VoiceRecordingTests.swift in Sources */ = {isa = PBXBuildFile; fileRef = 66B8FD9E29E55B600091B59B /* VoiceRecordingTests.swift */; };
		66B8FDA929E55B600091B59B /* VoiceRecordingUITests.swift in Sources */ = {isa = PBXBuildFile; fileRef = 66B8FDA829E55B600091B59B /* VoiceRecordingUITests.swift */; };
		66B8FDAB29E55B600091B59B /* VoiceRecordingUITestsLaunchTests.swift in Sources */ = {isa = PBXBuildFile; fileRef = 66B8FDAA29E55B600091B59B /* VoiceRecordingUITestsLaunchTests.swift */; };
		66B8FDB829E5757B0091B59B /* SpeechRecordVC.swift in Sources */ = {isa = PBXBuildFile; fileRef = 66B8FDB729E5757B0091B59B /* SpeechRecordVC.swift */; };
		66C4DAF029E7D8F500EE1A9E /* ContainerViewController.swift in Sources */ = {isa = PBXBuildFile; fileRef = 66C4DAEF29E7D8F500EE1A9E /* ContainerViewController.swift */; };
		66C4DAF329E7DBA400EE1A9E /* SMCustomTableViewCell.swift in Sources */ = {isa = PBXBuildFile; fileRef = 66C4DAF229E7DBA400EE1A9E /* SMCustomTableViewCell.swift */; };
		66DBEDC929E57B24006C260A /* TabViewController.swift in Sources */ = {isa = PBXBuildFile; fileRef = 66DBEDC829E57B24006C260A /* TabViewController.swift */; };
		66DBEDD129E5826F006C260A /* RecordVC.swift in Sources */ = {isa = PBXBuildFile; fileRef = 66DBEDD029E5826F006C260A /* RecordVC.swift */; };
		66DBEDD329E58285006C260A /* AccountVC.swift in Sources */ = {isa = PBXBuildFile; fileRef = 66DBEDD229E58285006C260A /* AccountVC.swift */; };
		66DBEDD529E67C6C006C260A /* SpeechRecordFinishedAlertVC.swift in Sources */ = {isa = PBXBuildFile; fileRef = 66DBEDD429E67C6C006C260A /* SpeechRecordFinishedAlertVC.swift */; };
		66DBEDD729E6826B006C260A /* SpeedRecordDetailVC.swift in Sources */ = {isa = PBXBuildFile; fileRef = 66DBEDD629E6826B006C260A /* SpeedRecordDetailVC.swift */; };
		66F4F2B729EBDD1700B69357 /* SMLoginModel.swift in Sources */ = {isa = PBXBuildFile; fileRef = 66F4F2B629EBDD1700B69357 /* SMLoginModel.swift */; };
		66F4F2BE29ED43DF00B69357 /* Config.swift in Sources */ = {isa = PBXBuildFile; fileRef = 66F4F2BD29ED43DF00B69357 /* Config.swift */; };
		66F4F2C029ED51AA00B69357 /* LogInApi.swift in Sources */ = {isa = PBXBuildFile; fileRef = 66F4F2BF29ED51AA00B69357 /* LogInApi.swift */; };
/* End PBXBuildFile section */

/* Begin PBXContainerItemProxy section */
		66B8FD9B29E55B600091B59B /* PBXContainerItemProxy */ = {
			isa = PBXContainerItemProxy;
			containerPortal = 66B8FD7C29E55B600091B59B /* Project object */;
			proxyType = 1;
			remoteGlobalIDString = 66B8FD8329E55B600091B59B;
			remoteInfo = VoiceRecording;
		};
		66B8FDA529E55B600091B59B /* PBXContainerItemProxy */ = {
			isa = PBXContainerItemProxy;
			containerPortal = 66B8FD7C29E55B600091B59B /* Project object */;
			proxyType = 1;
			remoteGlobalIDString = 66B8FD8329E55B600091B59B;
			remoteInfo = VoiceRecording;
		};
/* End PBXContainerItemProxy section */

/* Begin PBXFileReference section */
		66789CB329F91BC700E935A8 /* Lerp.swift */ = {isa = PBXFileReference; lastKnownFileType = sourcecode.swift; path = Lerp.swift; sourceTree = "<group>"; };
		66789CB529F91BEE00E935A8 /* DateExtension.swift */ = {isa = PBXFileReference; lastKnownFileType = sourcecode.swift; path = DateExtension.swift; sourceTree = "<group>"; };
		66789CB729F91BF200E935A8 /* Timeout.swift */ = {isa = PBXFileReference; lastKnownFileType = sourcecode.swift; path = Timeout.swift; sourceTree = "<group>"; };
		66789CBA29F91C4A00E935A8 /* SiriWaveLine.swift */ = {isa = PBXFileReference; lastKnownFileType = sourcecode.swift; path = SiriWaveLine.swift; sourceTree = "<group>"; };
		66789CBC29F91C4E00E935A8 /* SiriWaveView.swift */ = {isa = PBXFileReference; lastKnownFileType = sourcecode.swift; path = SiriWaveView.swift; sourceTree = "<group>"; };
		667A2FBD29EE4AC7006E9898 /* UserDefault.swift */ = {isa = PBXFileReference; lastKnownFileType = sourcecode.swift; path = UserDefault.swift; sourceTree = "<group>"; };
		668847B029EFCB5E0092545F /* SMAudioCountModel.swift */ = {isa = PBXFileReference; lastKnownFileType = sourcecode.swift; path = SMAudioCountModel.swift; sourceTree = "<group>"; };
		668847B229F1158C0092545F /* BaseHelper.swift */ = {isa = PBXFileReference; lastKnownFileType = sourcecode.swift; path = BaseHelper.swift; sourceTree = "<group>"; };
		66ACD49729EE669800A25D8A /* SentanceListApi.swift */ = {isa = PBXFileReference; lastKnownFileType = sourcecode.swift; path = SentanceListApi.swift; sourceTree = "<group>"; };
		66ACD49929EE7AAA00A25D8A /* SMLogoutModel.swift */ = {isa = PBXFileReference; lastKnownFileType = sourcecode.swift; path = SMLogoutModel.swift; sourceTree = "<group>"; };
		66ACD49B29EE91D100A25D8A /* SMSetanceListModel.swift */ = {isa = PBXFileReference; lastKnownFileType = sourcecode.swift; path = SMSetanceListModel.swift; sourceTree = "<group>"; };
		66ACD49D29EEB66B00A25D8A /* LogoutApi.swift */ = {isa = PBXFileReference; lastKnownFileType = sourcecode.swift; path = LogoutApi.swift; sourceTree = "<group>"; };
		66ACD49F29EEB83C00A25D8A /* UserAudioCount.swift */ = {isa = PBXFileReference; lastKnownFileType = sourcecode.swift; path = UserAudioCount.swift; sourceTree = "<group>"; };
		66B8FD8429E55B600091B59B /* VoiceRecording.app */ = {isa = PBXFileReference; explicitFileType = wrapper.application; includeInIndex = 0; path = VoiceRecording.app; sourceTree = BUILT_PRODUCTS_DIR; };
		66B8FD8729E55B600091B59B /* AppDelegate.swift */ = {isa = PBXFileReference; lastKnownFileType = sourcecode.swift; path = AppDelegate.swift; sourceTree = "<group>"; };
		66B8FD8929E55B600091B59B /* SceneDelegate.swift */ = {isa = PBXFileReference; lastKnownFileType = sourcecode.swift; path = SceneDelegate.swift; sourceTree = "<group>"; };
		66B8FD8B29E55B600091B59B /* LogInVC.swift */ = {isa = PBXFileReference; lastKnownFileType = sourcecode.swift; path = LogInVC.swift; sourceTree = "<group>"; };
		66B8FD8E29E55B600091B59B /* Base */ = {isa = PBXFileReference; lastKnownFileType = file.storyboard; name = Base; path = Base.lproj/Main.storyboard; sourceTree = "<group>"; };
		66B8FD9029E55B600091B59B /* Assets.xcassets */ = {isa = PBXFileReference; lastKnownFileType = folder.assetcatalog; path = Assets.xcassets; sourceTree = "<group>"; };
		66B8FD9329E55B600091B59B /* Base */ = {isa = PBXFileReference; lastKnownFileType = file.storyboard; name = Base; path = Base.lproj/LaunchScreen.storyboard; sourceTree = "<group>"; };
		66B8FD9529E55B600091B59B /* Info.plist */ = {isa = PBXFileReference; lastKnownFileType = text.plist.xml; path = Info.plist; sourceTree = "<group>"; };
		66B8FD9A29E55B600091B59B /* VoiceRecordingTests.xctest */ = {isa = PBXFileReference; explicitFileType = wrapper.cfbundle; includeInIndex = 0; path = VoiceRecordingTests.xctest; sourceTree = BUILT_PRODUCTS_DIR; };
		66B8FD9E29E55B600091B59B /* VoiceRecordingTests.swift */ = {isa = PBXFileReference; lastKnownFileType = sourcecode.swift; path = VoiceRecordingTests.swift; sourceTree = "<group>"; };
		66B8FDA429E55B600091B59B /* VoiceRecordingUITests.xctest */ = {isa = PBXFileReference; explicitFileType = wrapper.cfbundle; includeInIndex = 0; path = VoiceRecordingUITests.xctest; sourceTree = BUILT_PRODUCTS_DIR; };
		66B8FDA829E55B600091B59B /* VoiceRecordingUITests.swift */ = {isa = PBXFileReference; lastKnownFileType = sourcecode.swift; path = VoiceRecordingUITests.swift; sourceTree = "<group>"; };
		66B8FDAA29E55B600091B59B /* VoiceRecordingUITestsLaunchTests.swift */ = {isa = PBXFileReference; lastKnownFileType = sourcecode.swift; path = VoiceRecordingUITestsLaunchTests.swift; sourceTree = "<group>"; };
		66B8FDB729E5757B0091B59B /* SpeechRecordVC.swift */ = {isa = PBXFileReference; lastKnownFileType = sourcecode.swift; path = SpeechRecordVC.swift; sourceTree = "<group>"; };
		66C4DAEF29E7D8F500EE1A9E /* ContainerViewController.swift */ = {isa = PBXFileReference; lastKnownFileType = sourcecode.swift; path = ContainerViewController.swift; sourceTree = "<group>"; };
		66C4DAF229E7DBA400EE1A9E /* SMCustomTableViewCell.swift */ = {isa = PBXFileReference; lastKnownFileType = sourcecode.swift; path = SMCustomTableViewCell.swift; sourceTree = "<group>"; };
		66DBEDC829E57B24006C260A /* TabViewController.swift */ = {isa = PBXFileReference; lastKnownFileType = sourcecode.swift; path = TabViewController.swift; sourceTree = "<group>"; };
		66DBEDD029E5826F006C260A /* RecordVC.swift */ = {isa = PBXFileReference; lastKnownFileType = sourcecode.swift; path = RecordVC.swift; sourceTree = "<group>"; };
		66DBEDD229E58285006C260A /* AccountVC.swift */ = {isa = PBXFileReference; lastKnownFileType = sourcecode.swift; path = AccountVC.swift; sourceTree = "<group>"; };
		66DBEDD429E67C6C006C260A /* SpeechRecordFinishedAlertVC.swift */ = {isa = PBXFileReference; lastKnownFileType = sourcecode.swift; path = SpeechRecordFinishedAlertVC.swift; sourceTree = "<group>"; };
		66DBEDD629E6826B006C260A /* SpeedRecordDetailVC.swift */ = {isa = PBXFileReference; lastKnownFileType = sourcecode.swift; path = SpeedRecordDetailVC.swift; sourceTree = "<group>"; };
		66F4F2B629EBDD1700B69357 /* SMLoginModel.swift */ = {isa = PBXFileReference; lastKnownFileType = sourcecode.swift; path = SMLoginModel.swift; sourceTree = "<group>"; };
		66F4F2BD29ED43DF00B69357 /* Config.swift */ = {isa = PBXFileReference; lastKnownFileType = sourcecode.swift; path = Config.swift; sourceTree = "<group>"; };
		66F4F2BF29ED51AA00B69357 /* LogInApi.swift */ = {isa = PBXFileReference; lastKnownFileType = sourcecode.swift; path = LogInApi.swift; sourceTree = "<group>"; };
/* End PBXFileReference section */

/* Begin PBXFrameworksBuildPhase section */
		66B8FD8129E55B600091B59B /* Frameworks */ = {
			isa = PBXFrameworksBuildPhase;
			buildActionMask = 2147483647;
			files = (
			);
			runOnlyForDeploymentPostprocessing = 0;
		};
		66B8FD9729E55B600091B59B /* Frameworks */ = {
			isa = PBXFrameworksBuildPhase;
			buildActionMask = 2147483647;
			files = (
			);
			runOnlyForDeploymentPostprocessing = 0;
		};
		66B8FDA129E55B600091B59B /* Frameworks */ = {
			isa = PBXFrameworksBuildPhase;
			buildActionMask = 2147483647;
			files = (
			);
			runOnlyForDeploymentPostprocessing = 0;
		};
/* End PBXFrameworksBuildPhase section */

/* Begin PBXGroup section */
		66789CB929F91C0200E935A8 /* Utility */ = {
			isa = PBXGroup;
			children = (
				66789CB729F91BF200E935A8 /* Timeout.swift */,
				66789CB329F91BC700E935A8 /* Lerp.swift */,
				66789CB529F91BEE00E935A8 /* DateExtension.swift */,
			);
			path = Utility;
			sourceTree = "<group>";
		};
		66789CBE29F91C5F00E935A8 /* SiriWaveFormHelper */ = {
			isa = PBXGroup;
			children = (
				66789CBA29F91C4A00E935A8 /* SiriWaveLine.swift */,
				66789CBC29F91C4E00E935A8 /* SiriWaveView.swift */,
			);
			path = SiriWaveFormHelper;
			sourceTree = "<group>";
		};
		66B8FD7B29E55B600091B59B = {
			isa = PBXGroup;
			children = (
				66B8FD8629E55B600091B59B /* VoiceRecording */,
				66B8FD9D29E55B600091B59B /* VoiceRecordingTests */,
				66B8FDA729E55B600091B59B /* VoiceRecordingUITests */,
				66B8FD8529E55B600091B59B /* Products */,
			);
			sourceTree = "<group>";
		};
		66B8FD8529E55B600091B59B /* Products */ = {
			isa = PBXGroup;
			children = (
				66B8FD8429E55B600091B59B /* VoiceRecording.app */,
				66B8FD9A29E55B600091B59B /* VoiceRecordingTests.xctest */,
				66B8FDA429E55B600091B59B /* VoiceRecordingUITests.xctest */,
			);
			name = Products;
			sourceTree = "<group>";
		};
		66B8FD8629E55B600091B59B /* VoiceRecording */ = {
			isa = PBXGroup;
			children = (
				66F4F2BA29ED437400B69357 /* Application */,
				66F4F2BC29ED43C300B69357 /* Configure */,
				66F4F2B929EBDE2700B69357 /* NetworkManager */,
				66F4F2B529EBDCFD00B69357 /* Model */,
				66F4F2B829EBDD2300B69357 /* View */,
				66B8FDB929E575900091B59B /* Controllers */,
				66B8FDBB29E575AA0091B59B /* StoryBoard */,
				66B8FD9029E55B600091B59B /* Assets.xcassets */,
				66B8FD9229E55B600091B59B /* LaunchScreen.storyboard */,
				66B8FD9529E55B600091B59B /* Info.plist */,
			);
			path = VoiceRecording;
			sourceTree = "<group>";
		};
		66B8FD9D29E55B600091B59B /* VoiceRecordingTests */ = {
			isa = PBXGroup;
			children = (
				66B8FD9E29E55B600091B59B /* VoiceRecordingTests.swift */,
			);
			path = VoiceRecordingTests;
			sourceTree = "<group>";
		};
		66B8FDA729E55B600091B59B /* VoiceRecordingUITests */ = {
			isa = PBXGroup;
			children = (
				66B8FDA829E55B600091B59B /* VoiceRecordingUITests.swift */,
				66B8FDAA29E55B600091B59B /* VoiceRecordingUITestsLaunchTests.swift */,
			);
			path = VoiceRecordingUITests;
			sourceTree = "<group>";
		};
		66B8FDB929E575900091B59B /* Controllers */ = {
			isa = PBXGroup;
			children = (
				66C4DAEE29E7D8CB00EE1A9E /* ContainerViewController */,
				66DBEDCA29E57B2B006C260A /* CustomTabBarController */,
				66B8FD8B29E55B600091B59B /* LogInVC.swift */,
				66B8FDB729E5757B0091B59B /* SpeechRecordVC.swift */,
				66DBEDD429E67C6C006C260A /* SpeechRecordFinishedAlertVC.swift */,
				66DBEDD629E6826B006C260A /* SpeedRecordDetailVC.swift */,
			);
			path = Controllers;
			sourceTree = "<group>";
		};
		66B8FDBB29E575AA0091B59B /* StoryBoard */ = {
			isa = PBXGroup;
			children = (
				66B8FD8D29E55B600091B59B /* Main.storyboard */,
			);
			path = StoryBoard;
			sourceTree = "<group>";
		};
		66C4DAEE29E7D8CB00EE1A9E /* ContainerViewController */ = {
			isa = PBXGroup;
			children = (
				66C4DAEF29E7D8F500EE1A9E /* ContainerViewController.swift */,
			);
			path = ContainerViewController;
			sourceTree = "<group>";
		};
		66DBEDCA29E57B2B006C260A /* CustomTabBarController */ = {
			isa = PBXGroup;
			children = (
				66DBEDC829E57B24006C260A /* TabViewController.swift */,
				66DBEDCB29E581D0006C260A /* TabControllers */,
			);
			path = CustomTabBarController;
			sourceTree = "<group>";
		};
		66DBEDCB29E581D0006C260A /* TabControllers */ = {
			isa = PBXGroup;
			children = (
				66DBEDD029E5826F006C260A /* RecordVC.swift */,
				66DBEDD229E58285006C260A /* AccountVC.swift */,
			);
			path = TabControllers;
			sourceTree = "<group>";
		};
		66F4F2B529EBDCFD00B69357 /* Model */ = {
			isa = PBXGroup;
			children = (
				66F4F2B629EBDD1700B69357 /* SMLoginModel.swift */,
				66ACD49929EE7AAA00A25D8A /* SMLogoutModel.swift */,
				66ACD49B29EE91D100A25D8A /* SMSetanceListModel.swift */,
				668847B029EFCB5E0092545F /* SMAudioCountModel.swift */,
			);
			path = Model;
			sourceTree = "<group>";
		};
		66F4F2B829EBDD2300B69357 /* View */ = {
			isa = PBXGroup;
			children = (
				66F4F2BB29ED439800B69357 /* CustomCell */,
			);
			name = View;
			path = Controllers/View;
			sourceTree = "<group>";
		};
		66F4F2B929EBDE2700B69357 /* NetworkManager */ = {
			isa = PBXGroup;
			children = (
				66F4F2BF29ED51AA00B69357 /* LogInApi.swift */,
				66ACD49D29EEB66B00A25D8A /* LogoutApi.swift */,
				66ACD49729EE669800A25D8A /* SentanceListApi.swift */,
				66ACD49F29EEB83C00A25D8A /* UserAudioCount.swift */,
			);
			path = NetworkManager;
			sourceTree = "<group>";
		};
		66F4F2BA29ED437400B69357 /* Application */ = {
			isa = PBXGroup;
			children = (
				66B8FD8729E55B600091B59B /* AppDelegate.swift */,
				66B8FD8929E55B600091B59B /* SceneDelegate.swift */,
			);
			path = Application;
			sourceTree = "<group>";
		};
		66F4F2BB29ED439800B69357 /* CustomCell */ = {
			isa = PBXGroup;
			children = (
				66C4DAF229E7DBA400EE1A9E /* SMCustomTableViewCell.swift */,
			);
			path = CustomCell;
			sourceTree = "<group>";
		};
		66F4F2BC29ED43C300B69357 /* Configure */ = {
			isa = PBXGroup;
			children = (
				66789CBE29F91C5F00E935A8 /* SiriWaveFormHelper */,
				66789CB929F91C0200E935A8 /* Utility */,
				66F4F2BD29ED43DF00B69357 /* Config.swift */,
				667A2FBD29EE4AC7006E9898 /* UserDefault.swift */,
				668847B229F1158C0092545F /* BaseHelper.swift */,
			);
			path = Configure;
			sourceTree = "<group>";
		};
/* End PBXGroup section */

/* Begin PBXNativeTarget section */
		66B8FD8329E55B600091B59B /* VoiceRecording */ = {
			isa = PBXNativeTarget;
			buildConfigurationList = 66B8FDAE29E55B600091B59B /* Build configuration list for PBXNativeTarget "VoiceRecording" */;
			buildPhases = (
				66B8FD8029E55B600091B59B /* Sources */,
				66B8FD8129E55B600091B59B /* Frameworks */,
				66B8FD8229E55B600091B59B /* Resources */,
			);
			buildRules = (
			);
			dependencies = (
			);
			name = VoiceRecording;
			productName = VoiceRecording;
			productReference = 66B8FD8429E55B600091B59B /* VoiceRecording.app */;
			productType = "com.apple.product-type.application";
		};
		66B8FD9929E55B600091B59B /* VoiceRecordingTests */ = {
			isa = PBXNativeTarget;
			buildConfigurationList = 66B8FDB129E55B600091B59B /* Build configuration list for PBXNativeTarget "VoiceRecordingTests" */;
			buildPhases = (
				66B8FD9629E55B600091B59B /* Sources */,
				66B8FD9729E55B600091B59B /* Frameworks */,
				66B8FD9829E55B600091B59B /* Resources */,
			);
			buildRules = (
			);
			dependencies = (
				66B8FD9C29E55B600091B59B /* PBXTargetDependency */,
			);
			name = VoiceRecordingTests;
			productName = VoiceRecordingTests;
			productReference = 66B8FD9A29E55B600091B59B /* VoiceRecordingTests.xctest */;
			productType = "com.apple.product-type.bundle.unit-test";
		};
		66B8FDA329E55B600091B59B /* VoiceRecordingUITests */ = {
			isa = PBXNativeTarget;
			buildConfigurationList = 66B8FDB429E55B600091B59B /* Build configuration list for PBXNativeTarget "VoiceRecordingUITests" */;
			buildPhases = (
				66B8FDA029E55B600091B59B /* Sources */,
				66B8FDA129E55B600091B59B /* Frameworks */,
				66B8FDA229E55B600091B59B /* Resources */,
			);
			buildRules = (
			);
			dependencies = (
				66B8FDA629E55B600091B59B /* PBXTargetDependency */,
			);
			name = VoiceRecordingUITests;
			productName = VoiceRecordingUITests;
			productReference = 66B8FDA429E55B600091B59B /* VoiceRecordingUITests.xctest */;
			productType = "com.apple.product-type.bundle.ui-testing";
		};
/* End PBXNativeTarget section */

/* Begin PBXProject section */
		66B8FD7C29E55B600091B59B /* Project object */ = {
			isa = PBXProject;
			attributes = {
				BuildIndependentTargetsInParallel = 1;
				LastSwiftUpdateCheck = 1430;
				LastUpgradeCheck = 1430;
				TargetAttributes = {
					66B8FD8329E55B600091B59B = {
						CreatedOnToolsVersion = 14.3;
					};
					66B8FD9929E55B600091B59B = {
						CreatedOnToolsVersion = 14.3;
						TestTargetID = 66B8FD8329E55B600091B59B;
					};
					66B8FDA329E55B600091B59B = {
						CreatedOnToolsVersion = 14.3;
						TestTargetID = 66B8FD8329E55B600091B59B;
					};
				};
			};
			buildConfigurationList = 66B8FD7F29E55B600091B59B /* Build configuration list for PBXProject "VoiceRecording" */;
			compatibilityVersion = "Xcode 14.0";
			developmentRegion = en;
			hasScannedForEncodings = 0;
			knownRegions = (
				en,
				Base,
			);
			mainGroup = 66B8FD7B29E55B600091B59B;
			productRefGroup = 66B8FD8529E55B600091B59B /* Products */;
			projectDirPath = "";
			projectRoot = "";
			targets = (
				66B8FD8329E55B600091B59B /* VoiceRecording */,
				66B8FD9929E55B600091B59B /* VoiceRecordingTests */,
				66B8FDA329E55B600091B59B /* VoiceRecordingUITests */,
			);
		};
/* End PBXProject section */

/* Begin PBXResourcesBuildPhase section */
		66B8FD8229E55B600091B59B /* Resources */ = {
			isa = PBXResourcesBuildPhase;
			buildActionMask = 2147483647;
			files = (
				66B8FD9429E55B600091B59B /* LaunchScreen.storyboard in Resources */,
				66B8FD9129E55B600091B59B /* Assets.xcassets in Resources */,
				66B8FD8F29E55B600091B59B /* Main.storyboard in Resources */,
			);
			runOnlyForDeploymentPostprocessing = 0;
		};
		66B8FD9829E55B600091B59B /* Resources */ = {
			isa = PBXResourcesBuildPhase;
			buildActionMask = 2147483647;
			files = (
			);
			runOnlyForDeploymentPostprocessing = 0;
		};
		66B8FDA229E55B600091B59B /* Resources */ = {
			isa = PBXResourcesBuildPhase;
			buildActionMask = 2147483647;
			files = (
			);
			runOnlyForDeploymentPostprocessing = 0;
		};
/* End PBXResourcesBuildPhase section */

/* Begin PBXSourcesBuildPhase section */
		66B8FD8029E55B600091B59B /* Sources */ = {
			isa = PBXSourcesBuildPhase;
			buildActionMask = 2147483647;
			files = (
				66B8FD8C29E55B600091B59B /* LogInVC.swift in Sources */,
				668847B129EFCB5E0092545F /* SMAudioCountModel.swift in Sources */,
				66DBEDD129E5826F006C260A /* RecordVC.swift in Sources */,
				66F4F2BE29ED43DF00B69357 /* Config.swift in Sources */,
				66B8FD8829E55B600091B59B /* AppDelegate.swift in Sources */,
				66789CB629F91BEE00E935A8 /* DateExtension.swift in Sources */,
				66ACD49E29EEB66B00A25D8A /* LogoutApi.swift in Sources */,
				66B8FD8A29E55B600091B59B /* SceneDelegate.swift in Sources */,
				66DBEDD529E67C6C006C260A /* SpeechRecordFinishedAlertVC.swift in Sources */,
				66F4F2B729EBDD1700B69357 /* SMLoginModel.swift in Sources */,
				66DBEDC929E57B24006C260A /* TabViewController.swift in Sources */,
				668847B329F1158C0092545F /* BaseHelper.swift in Sources */,
				66DBEDD729E6826B006C260A /* SpeedRecordDetailVC.swift in Sources */,
				66ACD49C29EE91D100A25D8A /* SMSetanceListModel.swift in Sources */,
				66B8FDB829E5757B0091B59B /* SpeechRecordVC.swift in Sources */,
				66789CB829F91BF200E935A8 /* Timeout.swift in Sources */,
				66ACD49A29EE7AAA00A25D8A /* SMLogoutModel.swift in Sources */,
				66789CBB29F91C4A00E935A8 /* SiriWaveLine.swift in Sources */,
				667A2FBE29EE4AC7006E9898 /* UserDefault.swift in Sources */,
				66ACD49829EE669800A25D8A /* SentanceListApi.swift in Sources */,
				66789CB429F91BC700E935A8 /* Lerp.swift in Sources */,
				66F4F2C029ED51AA00B69357 /* LogInApi.swift in Sources */,
				66C4DAF029E7D8F500EE1A9E /* ContainerViewController.swift in Sources */,
				66DBEDD329E58285006C260A /* AccountVC.swift in Sources */,
				66789CBD29F91C4E00E935A8 /* SiriWaveView.swift in Sources */,
				66C4DAF329E7DBA400EE1A9E /* SMCustomTableViewCell.swift in Sources */,
				66ACD4A029EEB83C00A25D8A /* UserAudioCount.swift in Sources */,
			);
			runOnlyForDeploymentPostprocessing = 0;
		};
		66B8FD9629E55B600091B59B /* Sources */ = {
			isa = PBXSourcesBuildPhase;
			buildActionMask = 2147483647;
			files = (
				66B8FD9F29E55B600091B59B /* VoiceRecordingTests.swift in Sources */,
			);
			runOnlyForDeploymentPostprocessing = 0;
		};
		66B8FDA029E55B600091B59B /* Sources */ = {
			isa = PBXSourcesBuildPhase;
			buildActionMask = 2147483647;
			files = (
				66B8FDA929E55B600091B59B /* VoiceRecordingUITests.swift in Sources */,
				66B8FDAB29E55B600091B59B /* VoiceRecordingUITestsLaunchTests.swift in Sources */,
			);
			runOnlyForDeploymentPostprocessing = 0;
		};
/* End PBXSourcesBuildPhase section */

/* Begin PBXTargetDependency section */
		66B8FD9C29E55B600091B59B /* PBXTargetDependency */ = {
			isa = PBXTargetDependency;
			target = 66B8FD8329E55B600091B59B /* VoiceRecording */;
			targetProxy = 66B8FD9B29E55B600091B59B /* PBXContainerItemProxy */;
		};
		66B8FDA629E55B600091B59B /* PBXTargetDependency */ = {
			isa = PBXTargetDependency;
			target = 66B8FD8329E55B600091B59B /* VoiceRecording */;
			targetProxy = 66B8FDA529E55B600091B59B /* PBXContainerItemProxy */;
		};
/* End PBXTargetDependency section */

/* Begin PBXVariantGroup section */
		66B8FD8D29E55B600091B59B /* Main.storyboard */ = {
			isa = PBXVariantGroup;
			children = (
				66B8FD8E29E55B600091B59B /* Base */,
			);
			name = Main.storyboard;
			sourceTree = "<group>";
		};
		66B8FD9229E55B600091B59B /* LaunchScreen.storyboard */ = {
			isa = PBXVariantGroup;
			children = (
				66B8FD9329E55B600091B59B /* Base */,
			);
			name = LaunchScreen.storyboard;
			sourceTree = "<group>";
		};
/* End PBXVariantGroup section */

/* Begin XCBuildConfiguration section */
		66B8FDAC29E55B600091B59B /* Debug */ = {
			isa = XCBuildConfiguration;
			buildSettings = {
				ALWAYS_SEARCH_USER_PATHS = NO;
				CLANG_ANALYZER_NONNULL = YES;
				CLANG_ANALYZER_NUMBER_OBJECT_CONVERSION = YES_AGGRESSIVE;
				CLANG_CXX_LANGUAGE_STANDARD = "gnu++20";
				CLANG_ENABLE_MODULES = YES;
				CLANG_ENABLE_OBJC_ARC = YES;
				CLANG_ENABLE_OBJC_WEAK = YES;
				CLANG_WARN_BLOCK_CAPTURE_AUTORELEASING = YES;
				CLANG_WARN_BOOL_CONVERSION = YES;
				CLANG_WARN_COMMA = YES;
				CLANG_WARN_CONSTANT_CONVERSION = YES;
				CLANG_WARN_DEPRECATED_OBJC_IMPLEMENTATIONS = YES;
				CLANG_WARN_DIRECT_OBJC_ISA_USAGE = YES_ERROR;
				CLANG_WARN_DOCUMENTATION_COMMENTS = YES;
				CLANG_WARN_EMPTY_BODY = YES;
				CLANG_WARN_ENUM_CONVERSION = YES;
				CLANG_WARN_INFINITE_RECURSION = YES;
				CLANG_WARN_INT_CONVERSION = YES;
				CLANG_WARN_NON_LITERAL_NULL_CONVERSION = YES;
				CLANG_WARN_OBJC_IMPLICIT_RETAIN_SELF = YES;
				CLANG_WARN_OBJC_LITERAL_CONVERSION = YES;
				CLANG_WARN_OBJC_ROOT_CLASS = YES_ERROR;
				CLANG_WARN_QUOTED_INCLUDE_IN_FRAMEWORK_HEADER = YES;
				CLANG_WARN_RANGE_LOOP_ANALYSIS = YES;
				CLANG_WARN_STRICT_PROTOTYPES = YES;
				CLANG_WARN_SUSPICIOUS_MOVE = YES;
				CLANG_WARN_UNGUARDED_AVAILABILITY = YES_AGGRESSIVE;
				CLANG_WARN_UNREACHABLE_CODE = YES;
				CLANG_WARN__DUPLICATE_METHOD_MATCH = YES;
				COPY_PHASE_STRIP = NO;
				DEBUG_INFORMATION_FORMAT = dwarf;
				ENABLE_STRICT_OBJC_MSGSEND = YES;
				ENABLE_TESTABILITY = YES;
				GCC_C_LANGUAGE_STANDARD = gnu11;
				GCC_DYNAMIC_NO_PIC = NO;
				GCC_NO_COMMON_BLOCKS = YES;
				GCC_OPTIMIZATION_LEVEL = 0;
				GCC_PREPROCESSOR_DEFINITIONS = (
					"DEBUG=1",
					"$(inherited)",
				);
				GCC_WARN_64_TO_32_BIT_CONVERSION = YES;
				GCC_WARN_ABOUT_RETURN_TYPE = YES_ERROR;
				GCC_WARN_UNDECLARED_SELECTOR = YES;
				GCC_WARN_UNINITIALIZED_AUTOS = YES_AGGRESSIVE;
				GCC_WARN_UNUSED_FUNCTION = YES;
				GCC_WARN_UNUSED_VARIABLE = YES;
				IPHONEOS_DEPLOYMENT_TARGET = 16.4;
				MTL_ENABLE_DEBUG_INFO = INCLUDE_SOURCE;
				MTL_FAST_MATH = YES;
				ONLY_ACTIVE_ARCH = YES;
				SDKROOT = iphoneos;
				SWIFT_ACTIVE_COMPILATION_CONDITIONS = DEBUG;
				SWIFT_OPTIMIZATION_LEVEL = "-Onone";
			};
			name = Debug;
		};
		66B8FDAD29E55B600091B59B /* Release */ = {
			isa = XCBuildConfiguration;
			buildSettings = {
				ALWAYS_SEARCH_USER_PATHS = NO;
				CLANG_ANALYZER_NONNULL = YES;
				CLANG_ANALYZER_NUMBER_OBJECT_CONVERSION = YES_AGGRESSIVE;
				CLANG_CXX_LANGUAGE_STANDARD = "gnu++20";
				CLANG_ENABLE_MODULES = YES;
				CLANG_ENABLE_OBJC_ARC = YES;
				CLANG_ENABLE_OBJC_WEAK = YES;
				CLANG_WARN_BLOCK_CAPTURE_AUTORELEASING = YES;
				CLANG_WARN_BOOL_CONVERSION = YES;
				CLANG_WARN_COMMA = YES;
				CLANG_WARN_CONSTANT_CONVERSION = YES;
				CLANG_WARN_DEPRECATED_OBJC_IMPLEMENTATIONS = YES;
				CLANG_WARN_DIRECT_OBJC_ISA_USAGE = YES_ERROR;
				CLANG_WARN_DOCUMENTATION_COMMENTS = YES;
				CLANG_WARN_EMPTY_BODY = YES;
				CLANG_WARN_ENUM_CONVERSION = YES;
				CLANG_WARN_INFINITE_RECURSION = YES;
				CLANG_WARN_INT_CONVERSION = YES;
				CLANG_WARN_NON_LITERAL_NULL_CONVERSION = YES;
				CLANG_WARN_OBJC_IMPLICIT_RETAIN_SELF = YES;
				CLANG_WARN_OBJC_LITERAL_CONVERSION = YES;
				CLANG_WARN_OBJC_ROOT_CLASS = YES_ERROR;
				CLANG_WARN_QUOTED_INCLUDE_IN_FRAMEWORK_HEADER = YES;
				CLANG_WARN_RANGE_LOOP_ANALYSIS = YES;
				CLANG_WARN_STRICT_PROTOTYPES = YES;
				CLANG_WARN_SUSPICIOUS_MOVE = YES;
				CLANG_WARN_UNGUARDED_AVAILABILITY = YES_AGGRESSIVE;
				CLANG_WARN_UNREACHABLE_CODE = YES;
				CLANG_WARN__DUPLICATE_METHOD_MATCH = YES;
				COPY_PHASE_STRIP = NO;
				DEBUG_INFORMATION_FORMAT = "dwarf-with-dsym";
				ENABLE_NS_ASSERTIONS = NO;
				ENABLE_STRICT_OBJC_MSGSEND = YES;
				GCC_C_LANGUAGE_STANDARD = gnu11;
				GCC_NO_COMMON_BLOCKS = YES;
				GCC_WARN_64_TO_32_BIT_CONVERSION = YES;
				GCC_WARN_ABOUT_RETURN_TYPE = YES_ERROR;
				GCC_WARN_UNDECLARED_SELECTOR = YES;
				GCC_WARN_UNINITIALIZED_AUTOS = YES_AGGRESSIVE;
				GCC_WARN_UNUSED_FUNCTION = YES;
				GCC_WARN_UNUSED_VARIABLE = YES;
				IPHONEOS_DEPLOYMENT_TARGET = 16.4;
				MTL_ENABLE_DEBUG_INFO = NO;
				MTL_FAST_MATH = YES;
				SDKROOT = iphoneos;
				SWIFT_COMPILATION_MODE = wholemodule;
				SWIFT_OPTIMIZATION_LEVEL = "-O";
				VALIDATE_PRODUCT = YES;
			};
			name = Release;
		};
		66B8FDAF29E55B600091B59B /* Debug */ = {
			isa = XCBuildConfiguration;
			buildSettings = {
				ASSETCATALOG_COMPILER_APPICON_NAME = AppIcon;
				ASSETCATALOG_COMPILER_GLOBAL_ACCENT_COLOR_NAME = AccentColor;
				CODE_SIGN_STYLE = Manual;
				CURRENT_PROJECT_VERSION = 1;
				DEVELOPMENT_TEAM = "";
				GENERATE_INFOPLIST_FILE = YES;
				INFOPLIST_FILE = VoiceRecording/Info.plist;
				INFOPLIST_KEY_NSMicrophoneUsageDescription = "Application requires access to phone microphone to make recordings";
				INFOPLIST_KEY_UIApplicationSupportsIndirectInputEvents = YES;
				INFOPLIST_KEY_UILaunchStoryboardName = LaunchScreen;
				INFOPLIST_KEY_UIMainStoryboardFile = Main;
				INFOPLIST_KEY_UISupportedInterfaceOrientations_iPad = "UIInterfaceOrientationPortrait UIInterfaceOrientationPortraitUpsideDown UIInterfaceOrientationLandscapeLeft UIInterfaceOrientationLandscapeRight";
				INFOPLIST_KEY_UISupportedInterfaceOrientations_iPhone = "UIInterfaceOrientationPortrait UIInterfaceOrientationLandscapeLeft UIInterfaceOrientationLandscapeRight";
				LD_RUNPATH_SEARCH_PATHS = (
					"$(inherited)",
					"@executable_path/Frameworks",
				);
				MARKETING_VERSION = 1.0;
				PRODUCT_BUNDLE_IDENTIFIER = com.capsaInvestments.VoiceRecording;
				PRODUCT_NAME = "$(TARGET_NAME)";
				PROVISIONING_PROFILE_SPECIFIER = "";
				SWIFT_EMIT_LOC_STRINGS = YES;
				SWIFT_VERSION = 5.0;
				TARGETED_DEVICE_FAMILY = "1,2";
			};
			name = Debug;
		};
		66B8FDB029E55B600091B59B /* Release */ = {
			isa = XCBuildConfiguration;
			buildSettings = {
				ASSETCATALOG_COMPILER_APPICON_NAME = AppIcon;
				ASSETCATALOG_COMPILER_GLOBAL_ACCENT_COLOR_NAME = AccentColor;
				CODE_SIGN_STYLE = Manual;
				CURRENT_PROJECT_VERSION = 1;
				DEVELOPMENT_TEAM = "";
				GENERATE_INFOPLIST_FILE = YES;
				INFOPLIST_FILE = VoiceRecording/Info.plist;
				INFOPLIST_KEY_NSMicrophoneUsageDescription = "Application requires access to phone microphone to make recordings";
				INFOPLIST_KEY_UIApplicationSupportsIndirectInputEvents = YES;
				INFOPLIST_KEY_UILaunchStoryboardName = LaunchScreen;
				INFOPLIST_KEY_UIMainStoryboardFile = Main;
				INFOPLIST_KEY_UISupportedInterfaceOrientations_iPad = "UIInterfaceOrientationPortrait UIInterfaceOrientationPortraitUpsideDown UIInterfaceOrientationLandscapeLeft UIInterfaceOrientationLandscapeRight";
				INFOPLIST_KEY_UISupportedInterfaceOrientations_iPhone = "UIInterfaceOrientationPortrait UIInterfaceOrientationLandscapeLeft UIInterfaceOrientationLandscapeRight";
				LD_RUNPATH_SEARCH_PATHS = (
					"$(inherited)",
					"@executable_path/Frameworks",
				);
				MARKETING_VERSION = 1.0;
				PRODUCT_BUNDLE_IDENTIFIER = com.capsaInvestments.VoiceRecording;
				PRODUCT_NAME = "$(TARGET_NAME)";
				PROVISIONING_PROFILE_SPECIFIER = "";
				SWIFT_EMIT_LOC_STRINGS = YES;
				SWIFT_VERSION = 5.0;
				TARGETED_DEVICE_FAMILY = "1,2";
			};
			name = Release;
		};
		66B8FDB229E55B600091B59B /* Debug */ = {
			isa = XCBuildConfiguration;
			buildSettings = {
				ALWAYS_EMBED_SWIFT_STANDARD_LIBRARIES = YES;
				BUNDLE_LOADER = "$(TEST_HOST)";
				CODE_SIGN_STYLE = Automatic;
				CURRENT_PROJECT_VERSION = 1;
				GENERATE_INFOPLIST_FILE = YES;
				IPHONEOS_DEPLOYMENT_TARGET = 16.4;
				MARKETING_VERSION = 1.0;
				PRODUCT_BUNDLE_IDENTIFIER = "Sayyam-Investments.Voice-recording-app.VoiceRecordingTests";
				PRODUCT_NAME = "$(TARGET_NAME)";
				SWIFT_EMIT_LOC_STRINGS = NO;
				SWIFT_VERSION = 5.0;
				TARGETED_DEVICE_FAMILY = "1,2";
				TEST_HOST = "$(BUILT_PRODUCTS_DIR)/VoiceRecording.app/$(BUNDLE_EXECUTABLE_FOLDER_PATH)/VoiceRecording";
			};
			name = Debug;
		};
		66B8FDB329E55B600091B59B /* Release */ = {
			isa = XCBuildConfiguration;
			buildSettings = {
				ALWAYS_EMBED_SWIFT_STANDARD_LIBRARIES = YES;
				BUNDLE_LOADER = "$(TEST_HOST)";
				CODE_SIGN_STYLE = Automatic;
				CURRENT_PROJECT_VERSION = 1;
				GENERATE_INFOPLIST_FILE = YES;
				IPHONEOS_DEPLOYMENT_TARGET = 16.4;
				MARKETING_VERSION = 1.0;
				PRODUCT_BUNDLE_IDENTIFIER = "Sayyam-Investments.Voice-recording-app.VoiceRecordingTests";
				PRODUCT_NAME = "$(TARGET_NAME)";
				SWIFT_EMIT_LOC_STRINGS = NO;
				SWIFT_VERSION = 5.0;
				TARGETED_DEVICE_FAMILY = "1,2";
				TEST_HOST = "$(BUILT_PRODUCTS_DIR)/VoiceRecording.app/$(BUNDLE_EXECUTABLE_FOLDER_PATH)/VoiceRecording";
			};
			name = Release;
		};
		66B8FDB529E55B600091B59B /* Debug */ = {
			isa = XCBuildConfiguration;
			buildSettings = {
				ALWAYS_EMBED_SWIFT_STANDARD_LIBRARIES = YES;
				CODE_SIGN_STYLE = Automatic;
				CURRENT_PROJECT_VERSION = 1;
				GENERATE_INFOPLIST_FILE = YES;
				MARKETING_VERSION = 1.0;
				PRODUCT_BUNDLE_IDENTIFIER = "Sayyam-Investments.Voice-recording-app.VoiceRecordingUITests";
				PRODUCT_NAME = "$(TARGET_NAME)";
				SWIFT_EMIT_LOC_STRINGS = NO;
				SWIFT_VERSION = 5.0;
				TARGETED_DEVICE_FAMILY = "1,2";
				TEST_TARGET_NAME = VoiceRecording;
			};
			name = Debug;
		};
		66B8FDB629E55B600091B59B /* Release */ = {
			isa = XCBuildConfiguration;
			buildSettings = {
				ALWAYS_EMBED_SWIFT_STANDARD_LIBRARIES = YES;
				CODE_SIGN_STYLE = Automatic;
				CURRENT_PROJECT_VERSION = 1;
				GENERATE_INFOPLIST_FILE = YES;
				MARKETING_VERSION = 1.0;
				PRODUCT_BUNDLE_IDENTIFIER = "Sayyam-Investments.Voice-recording-app.VoiceRecordingUITests";
				PRODUCT_NAME = "$(TARGET_NAME)";
				SWIFT_EMIT_LOC_STRINGS = NO;
				SWIFT_VERSION = 5.0;
				TARGETED_DEVICE_FAMILY = "1,2";
				TEST_TARGET_NAME = VoiceRecording;
			};
			name = Release;
		};
/* End XCBuildConfiguration section */

/* Begin XCConfigurationList section */
		66B8FD7F29E55B600091B59B /* Build configuration list for PBXProject "VoiceRecording" */ = {
			isa = XCConfigurationList;
			buildConfigurations = (
				66B8FDAC29E55B600091B59B /* Debug */,
				66B8FDAD29E55B600091B59B /* Release */,
			);
			defaultConfigurationIsVisible = 0;
			defaultConfigurationName = Release;
		};
		66B8FDAE29E55B600091B59B /* Build configuration list for PBXNativeTarget "VoiceRecording" */ = {
			isa = XCConfigurationList;
			buildConfigurations = (
				66B8FDAF29E55B600091B59B /* Debug */,
				66B8FDB029E55B600091B59B /* Release */,
			);
			defaultConfigurationIsVisible = 0;
			defaultConfigurationName = Release;
		};
		66B8FDB129E55B600091B59B /* Build configuration list for PBXNativeTarget "VoiceRecordingTests" */ = {
			isa = XCConfigurationList;
			buildConfigurations = (
				66B8FDB229E55B600091B59B /* Debug */,
				66B8FDB329E55B600091B59B /* Release */,
			);
			defaultConfigurationIsVisible = 0;
			defaultConfigurationName = Release;
		};
		66B8FDB429E55B600091B59B /* Build configuration list for PBXNativeTarget "VoiceRecordingUITests" */ = {
			isa = XCConfigurationList;
			buildConfigurations = (
				66B8FDB529E55B600091B59B /* Debug */,
				66B8FDB629E55B600091B59B /* Release */,
			);
			defaultConfigurationIsVisible = 0;
			defaultConfigurationName = Release;
		};
/* End XCConfigurationList section */
	};
	rootObject = 66B8FD7C29E55B600091B59B /* Project object */;
}
